
Microsoft Visual Studio Solution File, Format Version 12.00
# Visual Studio Version 17
VisualStudioVersion = 17.11.35431.28
MinimumVisualStudioVersion = 10.0.40219.1
Project("{FAE04EC0-301F-11D3-BF4B-00C04F79EFBC}") = "File", "File\File.csproj", "{EF46F381-491E-4844-83DB-18784B6801F2}"
EndProject
Global
	GlobalSection(SolutionConfigurationPlatforms) = preSolution
		Debug|Any CPU = Debug|Any CPU
		Release|Any CPU = Release|Any CPU
	EndGlobalSection
	GlobalSection(ProjectConfigurationPlatforms) = postSolution
		{EF46F381-491E-4844-83DB-18784B6801F2}.Debug|Any CPU.ActiveCfg = Debug|Any CPU
		{EF46F381-491E-4844-83DB-18784B6801F2}.Debug|Any CPU.Build.0 = Debug|Any CPU
		{EF46F381-491E-4844-83DB-18784B6801F2}.Release|Any CPU.ActiveCfg = Release|Any CPU
		{EF46F381-491E-4844-83DB-18784B6801F2}.Release|Any CPU.Build.0 = Release|Any CPU
	EndGlobalSection
	GlobalSection(SolutionProperties) = preSolution
		HideSolutionNode = FALSE
	EndGlobalSection
	GlobalSection(ExtensibilityGlobals) = postSolution
		SolutionGuid = {C61CE4DD-E974-4311-89E0-DF1003B34E1E}
	EndGlobalSection
EndGlobal
